// !$*UTF8*$!
{
	archiveVersion = 1;
	classes = {
	};
	objectVersion = 51;
	objects = {

/* Begin PBXBuildFile section */
		1B14C0AD264E166A00D41027 /* AppDelegate.m in Sources */ = {isa = PBXBuildFile; fileRef = 1B14C0AC264E166A00D41027 /* AppDelegate.m */; };
		1B14C0B0264E166A00D41027 /* SceneDelegate.m in Sources */ = {isa = PBXBuildFile; fileRef = 1B14C0AF264E166A00D41027 /* SceneDelegate.m */; };
		1B14C0B3264E166A00D41027 /* ViewController.m in Sources */ = {isa = PBXBuildFile; fileRef = 1B14C0B2264E166A00D41027 /* ViewController.m */; };
		1B14C0B6264E166A00D41027 /* Main.storyboard in Resources */ = {isa = PBXBuildFile; fileRef = 1B14C0B4264E166A00D41027 /* Main.storyboard */; };
		1B14C0B8264E166D00D41027 /* Assets.xcassets in Resources */ = {isa = PBXBuildFile; fileRef = 1B14C0B7264E166D00D41027 /* Assets.xcassets */; };
		1B14C0BB264E166D00D41027 /* LaunchScreen.storyboard in Resources */ = {isa = PBXBuildFile; fileRef = 1B14C0B9264E166D00D41027 /* LaunchScreen.storyboard */; };
		1B14C0BE264E166D00D41027 /* main.m in Sources */ = {isa = PBXBuildFile; fileRef = 1B14C0BD264E166D00D41027 /* main.m */; };
		1B14C0C8264E166D00D41027 /* NetWorkingBugTests.m in Sources */ = {isa = PBXBuildFile; fileRef = 1B14C0C7264E166D00D41027 /* NetWorkingBugTests.m */; };
		1B14C0D3264E166D00D41027 /* NetWorkingBugUITests.m in Sources */ = {isa = PBXBuildFile; fileRef = 1B14C0D2264E166D00D41027 /* NetWorkingBugUITests.m */; };
		1B14C0E9264E174000D41027 /* XMEngine.m in Sources */ = {isa = PBXBuildFile; fileRef = 1B14C0E2264E174000D41027 /* XMEngine.m */; };
		1B14C0EA264E174000D41027 /* XMCenter.m in Sources */ = {isa = PBXBuildFile; fileRef = 1B14C0E3264E174000D41027 /* XMCenter.m */; };
		1B14C0EB264E174000D41027 /* XMRequest.m in Sources */ = {isa = PBXBuildFile; fileRef = 1B14C0E4264E174000D41027 /* XMRequest.m */; };
		748174BCC1DF0A2CAB645CF4 /* Pods_NetWorkingBugTests.framework in Frameworks */ = {isa = PBXBuildFile; fileRef = DA581309F6A6D77A0C1F35D7 /* Pods_NetWorkingBugTests.framework */; };
		74DD945C488FDF610C2147DC /* Pods_NetWorkingBug_NetWorkingBugUITests.framework in Frameworks */ = {isa = PBXBuildFile; fileRef = 4489A2F68E68D5BFA37CCC54 /* Pods_NetWorkingBug_NetWorkingBugUITests.framework */; };
		87E063F3AFDB09DC1A1A5B65 /* Pods_NetWorkingBug.framework in Frameworks */ = {isa = PBXBuildFile; fileRef = 38CF519135553E05FE2F6E7C /* Pods_NetWorkingBug.framework */; };
/* End PBXBuildFile section */

/* Begin PBXContainerItemProxy section */
		1B14C0C4264E166D00D41027 /* PBXContainerItemProxy */ = {
			isa = PBXContainerItemProxy;
			containerPortal = 1B14C0A0264E166A00D41027 /* Project object */;
			proxyType = 1;
			remoteGlobalIDString = 1B14C0A7264E166A00D41027;
			remoteInfo = NetWorkingBug;
		};
		1B14C0CF264E166D00D41027 /* PBXContainerItemProxy */ = {
			isa = PBXContainerItemProxy;
			containerPortal = 1B14C0A0264E166A00D41027 /* Project object */;
			proxyType = 1;
			remoteGlobalIDString = 1B14C0A7264E166A00D41027;
			remoteInfo = NetWorkingBug;
		};
/* End PBXContainerItemProxy section */

/* Begin PBXFileReference section */
		103C8B87237DBCE578CC79A4 /* Pods-NetWorkingBug-NetWorkingBugUITests.release.xcconfig */ = {isa = PBXFileReference; includeInIndex = 1; lastKnownFileType = text.xcconfig; name = "Pods-NetWorkingBug-NetWorkingBugUITests.release.xcconfig"; path = "Target Support Files/Pods-NetWorkingBug-NetWorkingBugUITests/Pods-NetWorkingBug-NetWorkingBugUITests.release.xcconfig"; sourceTree = "<group>"; };
		1B14C0A8264E166A00D41027 /* NetWorkingBug.app */ = {isa = PBXFileReference; explicitFileType = wrapper.application; includeInIndex = 0; path = NetWorkingBug.app; sourceTree = BUILT_PRODUCTS_DIR; };
		1B14C0AB264E166A00D41027 /* AppDelegate.h */ = {isa = PBXFileReference; lastKnownFileType = sourcecode.c.h; path = AppDelegate.h; sourceTree = "<group>"; };
		1B14C0AC264E166A00D41027 /* AppDelegate.m */ = {isa = PBXFileReference; lastKnownFileType = sourcecode.c.objc; path = AppDelegate.m; sourceTree = "<group>"; };
		1B14C0AE264E166A00D41027 /* SceneDelegate.h */ = {isa = PBXFileReference; lastKnownFileType = sourcecode.c.h; path = SceneDelegate.h; sourceTree = "<group>"; };
		1B14C0AF264E166A00D41027 /* SceneDelegate.m */ = {isa = PBXFileReference; lastKnownFileType = sourcecode.c.objc; path = SceneDelegate.m; sourceTree = "<group>"; };
		1B14C0B1264E166A00D41027 /* ViewController.h */ = {isa = PBXFileReference; lastKnownFileType = sourcecode.c.h; path = ViewController.h; sourceTree = "<group>"; };
		1B14C0B2264E166A00D41027 /* ViewController.m */ = {isa = PBXFileReference; lastKnownFileType = sourcecode.c.objc; path = ViewController.m; sourceTree = "<group>"; };
		1B14C0B5264E166A00D41027 /* Base */ = {isa = PBXFileReference; lastKnownFileType = file.storyboard; name = Base; path = Base.lproj/Main.storyboard; sourceTree = "<group>"; };
		1B14C0B7264E166D00D41027 /* Assets.xcassets */ = {isa = PBXFileReference; lastKnownFileType = folder.assetcatalog; path = Assets.xcassets; sourceTree = "<group>"; };
		1B14C0BA264E166D00D41027 /* Base */ = {isa = PBXFileReference; lastKnownFileType = file.storyboard; name = Base; path = Base.lproj/LaunchScreen.storyboard; sourceTree = "<group>"; };
		1B14C0BC264E166D00D41027 /* Info.plist */ = {isa = PBXFileReference; lastKnownFileType = text.plist.xml; path = Info.plist; sourceTree = "<group>"; };
		1B14C0BD264E166D00D41027 /* main.m */ = {isa = PBXFileReference; lastKnownFileType = sourcecode.c.objc; path = main.m; sourceTree = "<group>"; };
		1B14C0C3264E166D00D41027 /* NetWorkingBugTests.xctest */ = {isa = PBXFileReference; explicitFileType = wrapper.cfbundle; includeInIndex = 0; path = NetWorkingBugTests.xctest; sourceTree = BUILT_PRODUCTS_DIR; };
		1B14C0C7264E166D00D41027 /* NetWorkingBugTests.m */ = {isa = PBXFileReference; lastKnownFileType = sourcecode.c.objc; path = NetWorkingBugTests.m; sourceTree = "<group>"; };
		1B14C0C9264E166D00D41027 /* Info.plist */ = {isa = PBXFileReference; lastKnownFileType = text.plist.xml; path = Info.plist; sourceTree = "<group>"; };
		1B14C0CE264E166D00D41027 /* NetWorkingBugUITests.xctest */ = {isa = PBXFileReference; explicitFileType = wrapper.cfbundle; includeInIndex = 0; path = NetWorkingBugUITests.xctest; sourceTree = BUILT_PRODUCTS_DIR; };
		1B14C0D2264E166D00D41027 /* NetWorkingBugUITests.m */ = {isa = PBXFileReference; lastKnownFileType = sourcecode.c.objc; path = NetWorkingBugUITests.m; sourceTree = "<group>"; };
		1B14C0D4264E166D00D41027 /* Info.plist */ = {isa = PBXFileReference; lastKnownFileType = text.plist.xml; path = Info.plist; sourceTree = "<group>"; };
		1B14C0E1264E174000D41027 /* XMConst.h */ = {isa = PBXFileReference; fileEncoding = 4; lastKnownFileType = sourcecode.c.h; path = XMConst.h; sourceTree = "<group>"; };
		1B14C0E2264E174000D41027 /* XMEngine.m */ = {isa = PBXFileReference; fileEncoding = 4; lastKnownFileType = sourcecode.c.objc; path = XMEngine.m; sourceTree = "<group>"; };
		1B14C0E3264E174000D41027 /* XMCenter.m */ = {isa = PBXFileReference; fileEncoding = 4; lastKnownFileType = sourcecode.c.objc; path = XMCenter.m; sourceTree = "<group>"; };
		1B14C0E4264E174000D41027 /* XMRequest.m */ = {isa = PBXFileReference; fileEncoding = 4; lastKnownFileType = sourcecode.c.objc; path = XMRequest.m; sourceTree = "<group>"; };
		1B14C0E5264E174000D41027 /* XMNetworking.h */ = {isa = PBXFileReference; fileEncoding = 4; lastKnownFileType = sourcecode.c.h; path = XMNetworking.h; sourceTree = "<group>"; };
		1B14C0E6264E174000D41027 /* XMEngine.h */ = {isa = PBXFileReference; fileEncoding = 4; lastKnownFileType = sourcecode.c.h; path = XMEngine.h; sourceTree = "<group>"; };
		1B14C0E7264E174000D41027 /* XMRequest.h */ = {isa = PBXFileReference; fileEncoding = 4; lastKnownFileType = sourcecode.c.h; path = XMRequest.h; sourceTree = "<group>"; };
		1B14C0E8264E174000D41027 /* XMCenter.h */ = {isa = PBXFileReference; fileEncoding = 4; lastKnownFileType = sourcecode.c.h; path = XMCenter.h; sourceTree = "<group>"; };
		38CF519135553E05FE2F6E7C /* Pods_NetWorkingBug.framework */ = {isa = PBXFileReference; explicitFileType = wrapper.framework; includeInIndex = 0; path = Pods_NetWorkingBug.framework; sourceTree = BUILT_PRODUCTS_DIR; };
		4489A2F68E68D5BFA37CCC54 /* Pods_NetWorkingBug_NetWorkingBugUITests.framework */ = {isa = PBXFileReference; explicitFileType = wrapper.framework; includeInIndex = 0; path = Pods_NetWorkingBug_NetWorkingBugUITests.framework; sourceTree = BUILT_PRODUCTS_DIR; };
		49D76D063EF302E2CF8494F1 /* Pods-NetWorkingBug.debug.xcconfig */ = {isa = PBXFileReference; includeInIndex = 1; lastKnownFileType = text.xcconfig; name = "Pods-NetWorkingBug.debug.xcconfig"; path = "Target Support Files/Pods-NetWorkingBug/Pods-NetWorkingBug.debug.xcconfig"; sourceTree = "<group>"; };
		69AB72922C64F34FE9C56139 /* Pods-NetWorkingBugTests.release.xcconfig */ = {isa = PBXFileReference; includeInIndex = 1; lastKnownFileType = text.xcconfig; name = "Pods-NetWorkingBugTests.release.xcconfig"; path = "Target Support Files/Pods-NetWorkingBugTests/Pods-NetWorkingBugTests.release.xcconfig"; sourceTree = "<group>"; };
		A776D0EA2F019DB238E1F6C3 /* Pods-NetWorkingBugTests.debug.xcconfig */ = {isa = PBXFileReference; includeInIndex = 1; lastKnownFileType = text.xcconfig; name = "Pods-NetWorkingBugTests.debug.xcconfig"; path = "Target Support Files/Pods-NetWorkingBugTests/Pods-NetWorkingBugTests.debug.xcconfig"; sourceTree = "<group>"; };
		ADE7910A56DB1BBDFB3A13C2 /* Pods-NetWorkingBug-NetWorkingBugUITests.debug.xcconfig */ = {isa = PBXFileReference; includeInIndex = 1; lastKnownFileType = text.xcconfig; name = "Pods-NetWorkingBug-NetWorkingBugUITests.debug.xcconfig"; path = "Target Support Files/Pods-NetWorkingBug-NetWorkingBugUITests/Pods-NetWorkingBug-NetWorkingBugUITests.debug.xcconfig"; sourceTree = "<group>"; };
		DA581309F6A6D77A0C1F35D7 /* Pods_NetWorkingBugTests.framework */ = {isa = PBXFileReference; explicitFileType = wrapper.framework; includeInIndex = 0; path = Pods_NetWorkingBugTests.framework; sourceTree = BUILT_PRODUCTS_DIR; };
		FFBFEAB6A10F3CE9D35EE0E8 /* Pods-NetWorkingBug.release.xcconfig */ = {isa = PBXFileReference; includeInIndex = 1; lastKnownFileType = text.xcconfig; name = "Pods-NetWorkingBug.release.xcconfig"; path = "Target Support Files/Pods-NetWorkingBug/Pods-NetWorkingBug.release.xcconfig"; sourceTree = "<group>"; };
/* End PBXFileReference section */

/* Begin PBXFrameworksBuildPhase section */
		1B14C0A5264E166A00D41027 /* Frameworks */ = {
			isa = PBXFrameworksBuildPhase;
			buildActionMask = 2147483647;
			files = (
				87E063F3AFDB09DC1A1A5B65 /* Pods_NetWorkingBug.framework in Frameworks */,
			);
			runOnlyForDeploymentPostprocessing = 0;
		};
		1B14C0C0264E166D00D41027 /* Frameworks */ = {
			isa = PBXFrameworksBuildPhase;
			buildActionMask = 2147483647;
			files = (
				748174BCC1DF0A2CAB645CF4 /* Pods_NetWorkingBugTests.framework in Frameworks */,
			);
			runOnlyForDeploymentPostprocessing = 0;
		};
		1B14C0CB264E166D00D41027 /* Frameworks */ = {
			isa = PBXFrameworksBuildPhase;
			buildActionMask = 2147483647;
			files = (
				74DD945C488FDF610C2147DC /* Pods_NetWorkingBug_NetWorkingBugUITests.framework in Frameworks */,
			);
			runOnlyForDeploymentPostprocessing = 0;
		};
/* End PBXFrameworksBuildPhase section */

/* Begin PBXGroup section */
		1B14C09F264E166A00D41027 = {
			isa = PBXGroup;
			children = (
				1B14C0AA264E166A00D41027 /* NetWorkingBug */,
				1B14C0C6264E166D00D41027 /* NetWorkingBugTests */,
				1B14C0D1264E166D00D41027 /* NetWorkingBugUITests */,
				1B14C0A9264E166A00D41027 /* Products */,
				B33A78C0D51BC85F3C9BAFA8 /* Pods */,
				F57E2CA61E71E7807B847B01 /* Frameworks */,
			);
			sourceTree = "<group>";
		};
		1B14C0A9264E166A00D41027 /* Products */ = {
			isa = PBXGroup;
			children = (
				1B14C0A8264E166A00D41027 /* NetWorkingBug.app */,
				1B14C0C3264E166D00D41027 /* NetWorkingBugTests.xctest */,
				1B14C0CE264E166D00D41027 /* NetWorkingBugUITests.xctest */,
			);
			name = Products;
			sourceTree = "<group>";
		};
		1B14C0AA264E166A00D41027 /* NetWorkingBug */ = {
			isa = PBXGroup;
			children = (
				1B14C0E0264E174000D41027 /* XMNetworking */,
				1B14C0AB264E166A00D41027 /* AppDelegate.h */,
				1B14C0AC264E166A00D41027 /* AppDelegate.m */,
				1B14C0AE264E166A00D41027 /* SceneDelegate.h */,
				1B14C0AF264E166A00D41027 /* SceneDelegate.m */,
				1B14C0B1264E166A00D41027 /* ViewController.h */,
				1B14C0B2264E166A00D41027 /* ViewController.m */,
				1B14C0B4264E166A00D41027 /* Main.storyboard */,
				1B14C0B7264E166D00D41027 /* Assets.xcassets */,
				1B14C0B9264E166D00D41027 /* LaunchScreen.storyboard */,
				1B14C0BC264E166D00D41027 /* Info.plist */,
				1B14C0BD264E166D00D41027 /* main.m */,
			);
			path = NetWorkingBug;
			sourceTree = "<group>";
		};
		1B14C0C6264E166D00D41027 /* NetWorkingBugTests */ = {
			isa = PBXGroup;
			children = (
				1B14C0C7264E166D00D41027 /* NetWorkingBugTests.m */,
				1B14C0C9264E166D00D41027 /* Info.plist */,
			);
			path = NetWorkingBugTests;
			sourceTree = "<group>";
		};
		1B14C0D1264E166D00D41027 /* NetWorkingBugUITests */ = {
			isa = PBXGroup;
			children = (
				1B14C0D2264E166D00D41027 /* NetWorkingBugUITests.m */,
				1B14C0D4264E166D00D41027 /* Info.plist */,
			);
			path = NetWorkingBugUITests;
			sourceTree = "<group>";
		};
		1B14C0E0264E174000D41027 /* XMNetworking */ = {
			isa = PBXGroup;
			children = (
				1B14C0E1264E174000D41027 /* XMConst.h */,
				1B14C0E2264E174000D41027 /* XMEngine.m */,
				1B14C0E3264E174000D41027 /* XMCenter.m */,
				1B14C0E4264E174000D41027 /* XMRequest.m */,
				1B14C0E5264E174000D41027 /* XMNetworking.h */,
				1B14C0E6264E174000D41027 /* XMEngine.h */,
				1B14C0E7264E174000D41027 /* XMRequest.h */,
				1B14C0E8264E174000D41027 /* XMCenter.h */,
			);
			path = XMNetworking;
			sourceTree = "<group>";
		};
		B33A78C0D51BC85F3C9BAFA8 /* Pods */ = {
			isa = PBXGroup;
			children = (
				49D76D063EF302E2CF8494F1 /* Pods-NetWorkingBug.debug.xcconfig */,
				FFBFEAB6A10F3CE9D35EE0E8 /* Pods-NetWorkingBug.release.xcconfig */,
				ADE7910A56DB1BBDFB3A13C2 /* Pods-NetWorkingBug-NetWorkingBugUITests.debug.xcconfig */,
				103C8B87237DBCE578CC79A4 /* Pods-NetWorkingBug-NetWorkingBugUITests.release.xcconfig */,
				A776D0EA2F019DB238E1F6C3 /* Pods-NetWorkingBugTests.debug.xcconfig */,
				69AB72922C64F34FE9C56139 /* Pods-NetWorkingBugTests.release.xcconfig */,
			);
			path = Pods;
			sourceTree = "<group>";
		};
		F57E2CA61E71E7807B847B01 /* Frameworks */ = {
			isa = PBXGroup;
			children = (
				38CF519135553E05FE2F6E7C /* Pods_NetWorkingBug.framework */,
				4489A2F68E68D5BFA37CCC54 /* Pods_NetWorkingBug_NetWorkingBugUITests.framework */,
				DA581309F6A6D77A0C1F35D7 /* Pods_NetWorkingBugTests.framework */,
			);
			name = Frameworks;
			sourceTree = "<group>";
		};
/* End PBXGroup section */

/* Begin PBXNativeTarget section */
		1B14C0A7264E166A00D41027 /* NetWorkingBug */ = {
			isa = PBXNativeTarget;
			buildConfigurationList = 1B14C0D7264E166D00D41027 /* Build configuration list for PBXNativeTarget "NetWorkingBug" */;
			buildPhases = (
				8B9C89BB974287D89BF147C4 /* [CP] Check Pods Manifest.lock */,
				1B14C0A4264E166A00D41027 /* Sources */,
				1B14C0A5264E166A00D41027 /* Frameworks */,
				1B14C0A6264E166A00D41027 /* Resources */,
				4975222E337D5BCBE9602B5D /* [CP] Embed Pods Frameworks */,
			);
			buildRules = (
			);
			dependencies = (
			);
			name = NetWorkingBug;
			productName = NetWorkingBug;
			productReference = 1B14C0A8264E166A00D41027 /* NetWorkingBug.app */;
			productType = "com.apple.product-type.application";
		};
		1B14C0C2264E166D00D41027 /* NetWorkingBugTests */ = {
			isa = PBXNativeTarget;
			buildConfigurationList = 1B14C0DA264E166D00D41027 /* Build configuration list for PBXNativeTarget "NetWorkingBugTests" */;
			buildPhases = (
				671D26CB756C52856F6673C7 /* [CP] Check Pods Manifest.lock */,
				1B14C0BF264E166D00D41027 /* Sources */,
				1B14C0C0264E166D00D41027 /* Frameworks */,
				1B14C0C1264E166D00D41027 /* Resources */,
			);
			buildRules = (
			);
			dependencies = (
				1B14C0C5264E166D00D41027 /* PBXTargetDependency */,
			);
			name = NetWorkingBugTests;
			productName = NetWorkingBugTests;
			productReference = 1B14C0C3264E166D00D41027 /* NetWorkingBugTests.xctest */;
			productType = "com.apple.product-type.bundle.unit-test";
		};
		1B14C0CD264E166D00D41027 /* NetWorkingBugUITests */ = {
			isa = PBXNativeTarget;
			buildConfigurationList = 1B14C0DD264E166D00D41027 /* Build configuration list for PBXNativeTarget "NetWorkingBugUITests" */;
			buildPhases = (
				897A0D3698703DD6BD42A9E9 /* [CP] Check Pods Manifest.lock */,
				1B14C0CA264E166D00D41027 /* Sources */,
				1B14C0CB264E166D00D41027 /* Frameworks */,
				1B14C0CC264E166D00D41027 /* Resources */,
				B2530E069512BAE2597DC277 /* [CP] Embed Pods Frameworks */,
			);
			buildRules = (
			);
			dependencies = (
				1B14C0D0264E166D00D41027 /* PBXTargetDependency */,
			);
			name = NetWorkingBugUITests;
			productName = NetWorkingBugUITests;
			productReference = 1B14C0CE264E166D00D41027 /* NetWorkingBugUITests.xctest */;
			productType = "com.apple.product-type.bundle.ui-testing";
		};
/* End PBXNativeTarget section */

/* Begin PBXProject section */
		1B14C0A0264E166A00D41027 /* Project object */ = {
			isa = PBXProject;
			attributes = {
				LastUpgradeCheck = 1250;
				TargetAttributes = {
					1B14C0A7264E166A00D41027 = {
						CreatedOnToolsVersion = 12.5;
					};
					1B14C0C2264E166D00D41027 = {
						CreatedOnToolsVersion = 12.5;
						TestTargetID = 1B14C0A7264E166A00D41027;
					};
					1B14C0CD264E166D00D41027 = {
						CreatedOnToolsVersion = 12.5;
						TestTargetID = 1B14C0A7264E166A00D41027;
					};
				};
			};
			buildConfigurationList = 1B14C0A3264E166A00D41027 /* Build configuration list for PBXProject "NetWorkingBug" */;
			compatibilityVersion = "Xcode 9.3";
			developmentRegion = en;
			hasScannedForEncodings = 0;
			knownRegions = (
				en,
				Base,
			);
			mainGroup = 1B14C09F264E166A00D41027;
			productRefGroup = 1B14C0A9264E166A00D41027 /* Products */;
			projectDirPath = "";
			projectRoot = "";
			targets = (
				1B14C0A7264E166A00D41027 /* NetWorkingBug */,
				1B14C0C2264E166D00D41027 /* NetWorkingBugTests */,
				1B14C0CD264E166D00D41027 /* NetWorkingBugUITests */,
			);
		};
/* End PBXProject section */

/* Begin PBXResourcesBuildPhase section */
		1B14C0A6264E166A00D41027 /* Resources */ = {
			isa = PBXResourcesBuildPhase;
			buildActionMask = 2147483647;
			files = (
				1B14C0BB264E166D00D41027 /* LaunchScreen.storyboard in Resources */,
				1B14C0B8264E166D00D41027 /* Assets.xcassets in Resources */,
				1B14C0B6264E166A00D41027 /* Main.storyboard in Resources */,
			);
			runOnlyForDeploymentPostprocessing = 0;
		};
		1B14C0C1264E166D00D41027 /* Resources */ = {
			isa = PBXResourcesBuildPhase;
			buildActionMask = 2147483647;
			files = (
			);
			runOnlyForDeploymentPostprocessing = 0;
		};
		1B14C0CC264E166D00D41027 /* Resources */ = {
			isa = PBXResourcesBuildPhase;
			buildActionMask = 2147483647;
			files = (
			);
			runOnlyForDeploymentPostprocessing = 0;
		};
/* End PBXResourcesBuildPhase section */

/* Begin PBXShellScriptBuildPhase section */
		4975222E337D5BCBE9602B5D /* [CP] Embed Pods Frameworks */ = {
			isa = PBXShellScriptBuildPhase;
			buildActionMask = 2147483647;
			files = (
			);
			inputFileListPaths = (
				"${PODS_ROOT}/Target Support Files/Pods-NetWorkingBug/Pods-NetWorkingBug-frameworks-${CONFIGURATION}-input-files.xcfilelist",
			);
			name = "[CP] Embed Pods Frameworks";
			outputFileListPaths = (
				"${PODS_ROOT}/Target Support Files/Pods-NetWorkingBug/Pods-NetWorkingBug-frameworks-${CONFIGURATION}-output-files.xcfilelist",
			);
			runOnlyForDeploymentPostprocessing = 0;
			shellPath = /bin/sh;
			shellScript = "\"${PODS_ROOT}/Target Support Files/Pods-NetWorkingBug/Pods-NetWorkingBug-frameworks.sh\"\n";
			showEnvVarsInLog = 0;
		};
		671D26CB756C52856F6673C7 /* [CP] Check Pods Manifest.lock */ = {
			isa = PBXShellScriptBuildPhase;
			buildActionMask = 2147483647;
			files = (
			);
			inputFileListPaths = (
			);
			inputPaths = (
				"${PODS_PODFILE_DIR_PATH}/Podfile.lock",
				"${PODS_ROOT}/Manifest.lock",
			);
			name = "[CP] Check Pods Manifest.lock";
			outputFileListPaths = (
			);
			outputPaths = (
				"$(DERIVED_FILE_DIR)/Pods-NetWorkingBugTests-checkManifestLockResult.txt",
			);
			runOnlyForDeploymentPostprocessing = 0;
			shellPath = /bin/sh;
			shellScript = "diff \"${PODS_PODFILE_DIR_PATH}/Podfile.lock\" \"${PODS_ROOT}/Manifest.lock\" > /dev/null\nif [ $? != 0 ] ; then\n    # print error to STDERR\n    echo \"error: The sandbox is not in sync with the Podfile.lock. Run 'pod install' or update your CocoaPods installation.\" >&2\n    exit 1\nfi\n# This output is used by Xcode 'outputs' to avoid re-running this script phase.\necho \"SUCCESS\" > \"${SCRIPT_OUTPUT_FILE_0}\"\n";
			showEnvVarsInLog = 0;
		};
		897A0D3698703DD6BD42A9E9 /* [CP] Check Pods Manifest.lock */ = {
			isa = PBXShellScriptBuildPhase;
			buildActionMask = 2147483647;
			files = (
			);
			inputFileListPaths = (
			);
			inputPaths = (
				"${PODS_PODFILE_DIR_PATH}/Podfile.lock",
				"${PODS_ROOT}/Manifest.lock",
			);
			name = "[CP] Check Pods Manifest.lock";
			outputFileListPaths = (
			);
			outputPaths = (
				"$(DERIVED_FILE_DIR)/Pods-NetWorkingBug-NetWorkingBugUITests-checkManifestLockResult.txt",
			);
			runOnlyForDeploymentPostprocessing = 0;
			shellPath = /bin/sh;
			shellScript = "diff \"${PODS_PODFILE_DIR_PATH}/Podfile.lock\" \"${PODS_ROOT}/Manifest.lock\" > /dev/null\nif [ $? != 0 ] ; then\n    # print error to STDERR\n    echo \"error: The sandbox is not in sync with the Podfile.lock. Run 'pod install' or update your CocoaPods installation.\" >&2\n    exit 1\nfi\n# This output is used by Xcode 'outputs' to avoid re-running this script phase.\necho \"SUCCESS\" > \"${SCRIPT_OUTPUT_FILE_0}\"\n";
			showEnvVarsInLog = 0;
		};
		8B9C89BB974287D89BF147C4 /* [CP] Check Pods Manifest.lock */ = {
			isa = PBXShellScriptBuildPhase;
			buildActionMask = 2147483647;
			files = (
			);
			inputFileListPaths = (
			);
			inputPaths = (
				"${PODS_PODFILE_DIR_PATH}/Podfile.lock",
				"${PODS_ROOT}/Manifest.lock",
			);
			name = "[CP] Check Pods Manifest.lock";
			outputFileListPaths = (
			);
			outputPaths = (
				"$(DERIVED_FILE_DIR)/Pods-NetWorkingBug-checkManifestLockResult.txt",
			);
			runOnlyForDeploymentPostprocessing = 0;
			shellPath = /bin/sh;
			shellScript = "diff \"${PODS_PODFILE_DIR_PATH}/Podfile.lock\" \"${PODS_ROOT}/Manifest.lock\" > /dev/null\nif [ $? != 0 ] ; then\n    # print error to STDERR\n    echo \"error: The sandbox is not in sync with the Podfile.lock. Run 'pod install' or update your CocoaPods installation.\" >&2\n    exit 1\nfi\n# This output is used by Xcode 'outputs' to avoid re-running this script phase.\necho \"SUCCESS\" > \"${SCRIPT_OUTPUT_FILE_0}\"\n";
			showEnvVarsInLog = 0;
		};
		B2530E069512BAE2597DC277 /* [CP] Embed Pods Frameworks */ = {
			isa = PBXShellScriptBuildPhase;
			buildActionMask = 2147483647;
			files = (
			);
			inputFileListPaths = (
				"${PODS_ROOT}/Target Support Files/Pods-NetWorkingBug-NetWorkingBugUITests/Pods-NetWorkingBug-NetWorkingBugUITests-frameworks-${CONFIGURATION}-input-files.xcfilelist",
			);
			name = "[CP] Embed Pods Frameworks";
			outputFileListPaths = (
				"${PODS_ROOT}/Target Support Files/Pods-NetWorkingBug-NetWorkingBugUITests/Pods-NetWorkingBug-NetWorkingBugUITests-frameworks-${CONFIGURATION}-output-files.xcfilelist",
			);
			runOnlyForDeploymentPostprocessing = 0;
			shellPath = /bin/sh;
			shellScript = "\"${PODS_ROOT}/Target Support Files/Pods-NetWorkingBug-NetWorkingBugUITests/Pods-NetWorkingBug-NetWorkingBugUITests-frameworks.sh\"\n";
			showEnvVarsInLog = 0;
		};
/* End PBXShellScriptBuildPhase section */

/* Begin PBXSourcesBuildPhase section */
		1B14C0A4264E166A00D41027 /* Sources */ = {
			isa = PBXSourcesBuildPhase;
			buildActionMask = 2147483647;
			files = (
				1B14C0B3264E166A00D41027 /* ViewController.m in Sources */,
				1B14C0E9264E174000D41027 /* XMEngine.m in Sources */,
				1B14C0AD264E166A00D41027 /* AppDelegate.m in Sources */,
				1B14C0EA264E174000D41027 /* XMCenter.m in Sources */,
				1B14C0EB264E174000D41027 /* XMRequest.m in Sources */,
				1B14C0BE264E166D00D41027 /* main.m in Sources */,
				1B14C0B0264E166A00D41027 /* SceneDelegate.m in Sources */,
			);
			runOnlyForDeploymentPostprocessing = 0;
		};
		1B14C0BF264E166D00D41027 /* Sources */ = {
			isa = PBXSourcesBuildPhase;
			buildActionMask = 2147483647;
			files = (
				1B14C0C8264E166D00D41027 /* NetWorkingBugTests.m in Sources */,
			);
			runOnlyForDeploymentPostprocessing = 0;
		};
		1B14C0CA264E166D00D41027 /* Sources */ = {
			isa = PBXSourcesBuildPhase;
			buildActionMask = 2147483647;
			files = (
				1B14C0D3264E166D00D41027 /* NetWorkingBugUITests.m in Sources */,
			);
			runOnlyForDeploymentPostprocessing = 0;
		};
/* End PBXSourcesBuildPhase section */

/* Begin PBXTargetDependency section */
		1B14C0C5264E166D00D41027 /* PBXTargetDependency */ = {
			isa = PBXTargetDependency;
			target = 1B14C0A7264E166A00D41027 /* NetWorkingBug */;
			targetProxy = 1B14C0C4264E166D00D41027 /* PBXContainerItemProxy */;
		};
		1B14C0D0264E166D00D41027 /* PBXTargetDependency */ = {
			isa = PBXTargetDependency;
			target = 1B14C0A7264E166A00D41027 /* NetWorkingBug */;
			targetProxy = 1B14C0CF264E166D00D41027 /* PBXContainerItemProxy */;
		};
/* End PBXTargetDependency section */

/* Begin PBXVariantGroup section */
		1B14C0B4264E166A00D41027 /* Main.storyboard */ = {
			isa = PBXVariantGroup;
			children = (
				1B14C0B5264E166A00D41027 /* Base */,
			);
			name = Main.storyboard;
			sourceTree = "<group>";
		};
		1B14C0B9264E166D00D41027 /* LaunchScreen.storyboard */ = {
			isa = PBXVariantGroup;
			children = (
				1B14C0BA264E166D00D41027 /* Base */,
			);
			name = LaunchScreen.storyboard;
			sourceTree = "<group>";
		};
/* End PBXVariantGroup section */

/* Begin XCBuildConfiguration section */
		1B14C0D5264E166D00D41027 /* Debug */ = {
			isa = XCBuildConfiguration;
			buildSettings = {
				ALWAYS_SEARCH_USER_PATHS = NO;
				CLANG_ANALYZER_NONNULL = YES;
				CLANG_ANALYZER_NUMBER_OBJECT_CONVERSION = YES_AGGRESSIVE;
				CLANG_CXX_LANGUAGE_STANDARD = "gnu++14";
				CLANG_CXX_LIBRARY = "libc++";
				CLANG_ENABLE_MODULES = YES;
				CLANG_ENABLE_OBJC_ARC = YES;
				CLANG_ENABLE_OBJC_WEAK = YES;
				CLANG_WARN_BLOCK_CAPTURE_AUTORELEASING = YES;
				CLANG_WARN_BOOL_CONVERSION = YES;
				CLANG_WARN_COMMA = YES;
				CLANG_WARN_CONSTANT_CONVERSION = YES;
				CLANG_WARN_DEPRECATED_OBJC_IMPLEMENTATIONS = YES;
				CLANG_WARN_DIRECT_OBJC_ISA_USAGE = YES_ERROR;
				CLANG_WARN_DOCUMENTATION_COMMENTS = YES;
				CLANG_WARN_EMPTY_BODY = YES;
				CLANG_WARN_ENUM_CONVERSION = YES;
				CLANG_WARN_INFINITE_RECURSION = YES;
				CLANG_WARN_INT_CONVERSION = YES;
				CLANG_WARN_NON_LITERAL_NULL_CONVERSION = YES;
				CLANG_WARN_OBJC_IMPLICIT_RETAIN_SELF = YES;
				CLANG_WARN_OBJC_LITERAL_CONVERSION = YES;
				CLANG_WARN_OBJC_ROOT_CLASS = YES_ERROR;
				CLANG_WARN_QUOTED_INCLUDE_IN_FRAMEWORK_HEADER = YES;
				CLANG_WARN_RANGE_LOOP_ANALYSIS = YES;
				CLANG_WARN_STRICT_PROTOTYPES = YES;
				CLANG_WARN_SUSPICIOUS_MOVE = YES;
				CLANG_WARN_UNGUARDED_AVAILABILITY = YES_AGGRESSIVE;
				CLANG_WARN_UNREACHABLE_CODE = YES;
				CLANG_WARN__DUPLICATE_METHOD_MATCH = YES;
				COPY_PHASE_STRIP = NO;
				DEBUG_INFORMATION_FORMAT = dwarf;
				ENABLE_STRICT_OBJC_MSGSEND = YES;
				ENABLE_TESTABILITY = YES;
				GCC_C_LANGUAGE_STANDARD = gnu11;
				GCC_DYNAMIC_NO_PIC = NO;
				GCC_NO_COMMON_BLOCKS = YES;
				GCC_OPTIMIZATION_LEVEL = 0;
				GCC_PREPROCESSOR_DEFINITIONS = (
					"DEBUG=1",
					"$(inherited)",
				);
				GCC_WARN_64_TO_32_BIT_CONVERSION = YES;
				GCC_WARN_ABOUT_RETURN_TYPE = YES_ERROR;
				GCC_WARN_UNDECLARED_SELECTOR = YES;
				GCC_WARN_UNINITIALIZED_AUTOS = YES_AGGRESSIVE;
				GCC_WARN_UNUSED_FUNCTION = YES;
				GCC_WARN_UNUSED_VARIABLE = YES;
				IPHONEOS_DEPLOYMENT_TARGET = 11.0;
				MTL_ENABLE_DEBUG_INFO = INCLUDE_SOURCE;
				MTL_FAST_MATH = YES;
				ONLY_ACTIVE_ARCH = YES;
				SDKROOT = iphoneos;
			};
			name = Debug;
		};
		1B14C0D6264E166D00D41027 /* Release */ = {
			isa = XCBuildConfiguration;
			buildSettings = {
				ALWAYS_SEARCH_USER_PATHS = NO;
				CLANG_ANALYZER_NONNULL = YES;
				CLANG_ANALYZER_NUMBER_OBJECT_CONVERSION = YES_AGGRESSIVE;
				CLANG_CXX_LANGUAGE_STANDARD = "gnu++14";
				CLANG_CXX_LIBRARY = "libc++";
				CLANG_ENABLE_MODULES = YES;
				CLANG_ENABLE_OBJC_ARC = YES;
				CLANG_ENABLE_OBJC_WEAK = YES;
				CLANG_WARN_BLOCK_CAPTURE_AUTORELEASING = YES;
				CLANG_WARN_BOOL_CONVERSION = YES;
				CLANG_WARN_COMMA = YES;
				CLANG_WARN_CONSTANT_CONVERSION = YES;
				CLANG_WARN_DEPRECATED_OBJC_IMPLEMENTATIONS = YES;
				CLANG_WARN_DIRECT_OBJC_ISA_USAGE = YES_ERROR;
				CLANG_WARN_DOCUMENTATION_COMMENTS = YES;
				CLANG_WARN_EMPTY_BODY = YES;
				CLANG_WARN_ENUM_CONVERSION = YES;
				CLANG_WARN_INFINITE_RECURSION = YES;
				CLANG_WARN_INT_CONVERSION = YES;
				CLANG_WARN_NON_LITERAL_NULL_CONVERSION = YES;
				CLANG_WARN_OBJC_IMPLICIT_RETAIN_SELF = YES;
				CLANG_WARN_OBJC_LITERAL_CONVERSION = YES;
				CLANG_WARN_OBJC_ROOT_CLASS = YES_ERROR;
				CLANG_WARN_QUOTED_INCLUDE_IN_FRAMEWORK_HEADER = YES;
				CLANG_WARN_RANGE_LOOP_ANALYSIS = YES;
				CLANG_WARN_STRICT_PROTOTYPES = YES;
				CLANG_WARN_SUSPICIOUS_MOVE = YES;
				CLANG_WARN_UNGUARDED_AVAILABILITY = YES_AGGRESSIVE;
				CLANG_WARN_UNREACHABLE_CODE = YES;
				CLANG_WARN__DUPLICATE_METHOD_MATCH = YES;
				COPY_PHASE_STRIP = NO;
				DEBUG_INFORMATION_FORMAT = "dwarf-with-dsym";
				ENABLE_NS_ASSERTIONS = NO;
				ENABLE_STRICT_OBJC_MSGSEND = YES;
				GCC_C_LANGUAGE_STANDARD = gnu11;
				GCC_NO_COMMON_BLOCKS = YES;
				GCC_WARN_64_TO_32_BIT_CONVERSION = YES;
				GCC_WARN_ABOUT_RETURN_TYPE = YES_ERROR;
				GCC_WARN_UNDECLARED_SELECTOR = YES;
				GCC_WARN_UNINITIALIZED_AUTOS = YES_AGGRESSIVE;
				GCC_WARN_UNUSED_FUNCTION = YES;
				GCC_WARN_UNUSED_VARIABLE = YES;
				IPHONEOS_DEPLOYMENT_TARGET = 11.0;
				MTL_ENABLE_DEBUG_INFO = NO;
				MTL_FAST_MATH = YES;
				SDKROOT = iphoneos;
				VALIDATE_PRODUCT = YES;
			};
			name = Release;
		};
		1B14C0D8264E166D00D41027 /* Debug */ = {
			isa = XCBuildConfiguration;
			baseConfigurationReference = 49D76D063EF302E2CF8494F1 /* Pods-NetWorkingBug.debug.xcconfig */;
			buildSettings = {
				ASSETCATALOG_COMPILER_APPICON_NAME = AppIcon;
				ASSETCATALOG_COMPILER_GLOBAL_ACCENT_COLOR_NAME = AccentColor;
				CODE_SIGN_STYLE = Automatic;
				DEVELOPMENT_TEAM = MTYL2548M3;
				INFOPLIST_FILE = NetWorkingBug/Info.plist;
				IPHONEOS_DEPLOYMENT_TARGET = 11.0;
				LD_RUNPATH_SEARCH_PATHS = (
					"$(inherited)",
					"@executable_path/Frameworks",
				);
				PRODUCT_BUNDLE_IDENTIFIER = ss.NetWorkingBug;
				PRODUCT_NAME = "$(TARGET_NAME)";
				TARGETED_DEVICE_FAMILY = "1,2";
			};
			name = Debug;
		};
		1B14C0D9264E166D00D41027 /* Release */ = {
			isa = XCBuildConfiguration;
			baseConfigurationReference = FFBFEAB6A10F3CE9D35EE0E8 /* Pods-NetWorkingBug.release.xcconfig */;
			buildSettings = {
				ASSETCATALOG_COMPILER_APPICON_NAME = AppIcon;
				ASSETCATALOG_COMPILER_GLOBAL_ACCENT_COLOR_NAME = AccentColor;
				CODE_SIGN_STYLE = Automatic;
				DEVELOPMENT_TEAM = MTYL2548M3;
				INFOPLIST_FILE = NetWorkingBug/Info.plist;
				IPHONEOS_DEPLOYMENT_TARGET = 11.0;
				LD_RUNPATH_SEARCH_PATHS = (
					"$(inherited)",
					"@executable_path/Frameworks",
				);
				PRODUCT_BUNDLE_IDENTIFIER = ss.NetWorkingBug;
				PRODUCT_NAME = "$(TARGET_NAME)";
				TARGETED_DEVICE_FAMILY = "1,2";
			};
			name = Release;
		};
		1B14C0DB264E166D00D41027 /* Debug */ = {
			isa = XCBuildConfiguration;
			baseConfigurationReference = A776D0EA2F019DB238E1F6C3 /* Pods-NetWorkingBugTests.debug.xcconfig */;
			buildSettings = {
				BUNDLE_LOADER = "$(TEST_HOST)";
				CODE_SIGN_STYLE = Automatic;
				DEVELOPMENT_TEAM = MTYL2548M3;
				INFOPLIST_FILE = NetWorkingBugTests/Info.plist;
				IPHONEOS_DEPLOYMENT_TARGET = 14.5;
				LD_RUNPATH_SEARCH_PATHS = (
					"$(inherited)",
					"@executable_path/Frameworks",
					"@loader_path/Frameworks",
				);
				PRODUCT_BUNDLE_IDENTIFIER = ss.NetWorkingBugTests;
				PRODUCT_NAME = "$(TARGET_NAME)";
				TARGETED_DEVICE_FAMILY = "1,2";
				TEST_HOST = "$(BUILT_PRODUCTS_DIR)/NetWorkingBug.app/NetWorkingBug";
			};
			name = Debug;
		};
		1B14C0DC264E166D00D41027 /* Release */ = {
			isa = XCBuildConfiguration;
			baseConfigurationReference = 69AB72922C64F34FE9C56139 /* Pods-NetWorkingBugTests.release.xcconfig */;
			buildSettings = {
				BUNDLE_LOADER = "$(TEST_HOST)";
				CODE_SIGN_STYLE = Automatic;
				DEVELOPMENT_TEAM = MTYL2548M3;
				INFOPLIST_FILE = NetWorkingBugTests/Info.plist;
				IPHONEOS_DEPLOYMENT_TARGET = 14.5;
				LD_RUNPATH_SEARCH_PATHS = (
					"$(inherited)",
					"@executable_path/Frameworks",
					"@loader_path/Frameworks",
				);
				PRODUCT_BUNDLE_IDENTIFIER = ss.NetWorkingBugTests;
				PRODUCT_NAME = "$(TARGET_NAME)";
				TARGETED_DEVICE_FAMILY = "1,2";
				TEST_HOST = "$(BUILT_PRODUCTS_DIR)/NetWorkingBug.app/NetWorkingBug";
			};
			name = Release;
		};
		1B14C0DE264E166D00D41027 /* Debug */ = {
			isa = XCBuildConfiguration;
			baseConfigurationReference = ADE7910A56DB1BBDFB3A13C2 /* Pods-NetWorkingBug-NetWorkingBugUITests.debug.xcconfig */;
			buildSettings = {
				CODE_SIGN_STYLE = Automatic;
				DEVELOPMENT_TEAM = MTYL2548M3;
				INFOPLIST_FILE = NetWorkingBugUITests/Info.plist;
				LD_RUNPATH_SEARCH_PATHS = (
					"$(inherited)",
					"@executable_path/Frameworks",
					"@loader_path/Frameworks",
				);
				PRODUCT_BUNDLE_IDENTIFIER = ss.NetWorkingBugUITests;
				PRODUCT_NAME = "$(TARGET_NAME)";
				TARGETED_DEVICE_FAMILY = "1,2";
				TEST_TARGET_NAME = NetWorkingBug;
			};
			name = Debug;
		};
		1B14C0DF264E166D00D41027 /* Release */ = {
			isa = XCBuildConfiguration;
			baseConfigurationReference = 103C8B87237DBCE578CC79A4 /* Pods-NetWorkingBug-NetWorkingBugUITests.release.xcconfig */;
			buildSettings = {
				CODE_SIGN_STYLE = Automatic;
				DEVELOPMENT_TEAM = MTYL2548M3;
				INFOPLIST_FILE = NetWorkingBugUITests/Info.plist;
				LD_RUNPATH_SEARCH_PATHS = (
					"$(inherited)",
					"@executable_path/Frameworks",
					"@loader_path/Frameworks",
				);
				PRODUCT_BUNDLE_IDENTIFIER = ss.NetWorkingBugUITests;
				PRODUCT_NAME = "$(TARGET_NAME)";
				TARGETED_DEVICE_FAMILY = "1,2";
				TEST_TARGET_NAME = NetWorkingBug;
			};
			name = Release;
		};
/* End XCBuildConfiguration section */

/* Begin XCConfigurationList section */
		1B14C0A3264E166A00D41027 /* Build configuration list for PBXProject "NetWorkingBug" */ = {
			isa = XCConfigurationList;
			buildConfigurations = (
				1B14C0D5264E166D00D41027 /* Debug */,
				1B14C0D6264E166D00D41027 /* Release */,
			);
			defaultConfigurationIsVisible = 0;
			defaultConfigurationName = Release;
		};
		1B14C0D7264E166D00D41027 /* Build configuration list for PBXNativeTarget "NetWorkingBug" */ = {
			isa = XCConfigurationList;
			buildConfigurations = (
				1B14C0D8264E166D00D41027 /* Debug */,
				1B14C0D9264E166D00D41027 /* Release */,
			);
			defaultConfigurationIsVisible = 0;
			defaultConfigurationName = Release;
		};
		1B14C0DA264E166D00D41027 /* Build configuration list for PBXNativeTarget "NetWorkingBugTests" */ = {
			isa = XCConfigurationList;
			buildConfigurations = (
				1B14C0DB264E166D00D41027 /* Debug */,
				1B14C0DC264E166D00D41027 /* Release */,
			);
			defaultConfigurationIsVisible = 0;
			defaultConfigurationName = Release;
		};
		1B14C0DD264E166D00D41027 /* Build configuration list for PBXNativeTarget "NetWorkingBugUITests" */ = {
			isa = XCConfigurationList;
			buildConfigurations = (
				1B14C0DE264E166D00D41027 /* Debug */,
				1B14C0DF264E166D00D41027 /* Release */,
			);
			defaultConfigurationIsVisible = 0;
			defaultConfigurationName = Release;
		};
/* End XCConfigurationList section */
	};
	rootObject = 1B14C0A0264E166A00D41027 /* Project object */;
}
